{
  "object": {
    "pins": [
      {
        "package": "LoggerAPI",
        "repositoryURL": "https://github.com/IBM-Swift/LoggerAPI.git",
        "state": {
          "branch": null,
          "revision": "d0ccb4158b83f8692531892a9c894bb757593c6f",
          "version": "1.8.0"
        }
      },
      {
        "package": "SLLog",
        "repositoryURL": "https://github.com/shial4/SLLog.git",
        "state": {
          "branch": null,
          "revision": "857790f4f96231498c8f4218b2aafe148c8f631f",
          "version": "1.1.0"
        }
      }
    ]
  },
  "version": 1
}
