{
  "object": {
    "pins": [
      {
        "package": "LoggerAPI",
        "repositoryURL": "https://github.com/IBM-Swift/LoggerAPI",
        "state": {
          "branch": null,
          "revision": "6b62fe66da9b8794d6581e5c341710eea3173cd4",
          "version": "1.7.1"
        }
      },
      {
        "package": "SLLog",
        "repositoryURL": "https://github.com/shial4/SLLog.git",
        "state": {
          "branch": null,
          "revision": "a322ed7890f6ab8ad9eb7c29c02a2ee7b8dae00e",
          "version": "1.0.1"
        }
      }
    ]
  },
  "version": 1
}
