{
  "object": {
    "pins": [
      {
        "package": "LoggerAPI",
        "repositoryURL": "https://github.com/IBM-Swift/LoggerAPI",
        "state": {
          "branch": null,
          "revision": "6b62fe66da9b8794d6581e5c341710eea3173cd4",
          "version": "1.7.1"
        }
      },
      {
        "package": "SLLog",
        "repositoryURL": "/Users/shial/Development/_Swift/SLLog",
        "state": {
          "branch": "master",
          "revision": "50519a20d7822a1cc45cbdc50c60be41e9004086",
          "version": null
        }
      }
    ]
  },
  "version": 1
}
